<?xml version="1.0" encoding="utf-8"?>
<Project ToolsVersion="4.0" xmlns="http://schemas.microsoft.com/developer/msbuild/2003">
  <ItemGroup>
    <Filter Include="src">
      <UniqueIdentifier>{4FC737F1-C7A5-4376-A066-2A32D752A2FF}</UniqueIdentifier>
      <Extensions>cpp;c;cc;cxx;def;odl;idl;hpj;bat;asm;asmx</Extensions>
    </Filter>
  </ItemGroup>
  <ItemGroup>
    <ClCompile Include="source\capture-filter.cpp">
      <Filter>src</Filter>
    </ClCompile>
    <ClCompile Include="source\device.cpp">
      <Filter>src</Filter>
    </ClCompile>
    <ClCompile Include="source\dshow-base.cpp">
      <Filter>src</Filter>
    </ClCompile>
    <ClCompile Include="source\dshow-demux.cpp">
      <Filter>src</Filter>
    </ClCompile>
    <ClCompile Include="source\dshow-encoded-device.cpp">
      <Filter>src</Filter>
    </ClCompile>
    <ClCompile Include="source\dshow-enum.cpp">
      <Filter>src</Filter>
    </ClCompile>
    <ClCompile Include="source\dshow-formats.cpp">
      <Filter>src</Filter>
    </ClCompile>
    <ClCompile Include="source\dshow-media-type.cpp">
      <Filter>src</Filter>
    </ClCompile>
    <ClCompile Include="source\dshowcapture.cpp">
      <Filter>src</Filter>
    </ClCompile>
    <ClCompile Include="source\dshowencode.cpp">
      <Filter>src</Filter>
    </ClCompile>
    <ClCompile Include="source\encoder.cpp">
      <Filter>src</Filter>
    </ClCompile>
    <ClCompile Include="source\log.cpp">
      <Filter>src</Filter>
    </ClCompile>
    <ClCompile Include="source\output-filter.cpp">
      <Filter>src</Filter>
    </ClCompile>
    <ClCompile Include="source\stdafx.cpp">
      <Filter>src</Filter>
    </ClCompile>
  </ItemGroup>
  <ItemGroup>
    <ClInclude Include="source\capture-filter.hpp">
      <Filter>src</Filter>
    </ClInclude>
    <ClInclude Include="source\ComPtr.hpp">
      <Filter>src</Filter>
    </ClInclude>
    <ClInclude Include="source\device.hpp">
      <Filter>src</Filter>
    </ClInclude>
    <ClInclude Include="source\dshow-base.hpp">
      <Filter>src</Filter>
    </ClInclude>
    <ClInclude Include="dshowcapture.hpp">
      <Filter>src</Filter>
    </ClInclude>
    <ClInclude Include="source\dshow-demux.hpp">
      <Filter>src</Filter>
    </ClInclude>
    <ClInclude Include="source\dshow-device-defs.hpp">
      <Filter>src</Filter>
    </ClInclude>
    <ClInclude Include="source\dshow-enum.hpp">
      <Filter>src</Filter>
    </ClInclude>
    <ClInclude Include="source\dshow-formats.hpp">
      <Filter>src</Filter>
    </ClInclude>
    <ClInclude Include="source\dshow-media-type.hpp">
      <Filter>src</Filter>
    </ClInclude>
    <ClInclude Include="source\encoder.hpp">
      <Filter>src</Filter>
    </ClInclude>
    <ClInclude Include="source\IVideoCaptureFilter.h">
      <Filter>src</Filter>
    </ClInclude>
    <ClInclude Include="source\log.hpp">
      <Filter>src</Filter>
    </ClInclude>
    <ClInclude Include="source\output-filter.hpp">
      <Filter>src</Filter>
    </ClInclude>
    <ClInclude Include="source\stdafx.h">
      <Filter>src</Filter>
    </ClInclude>
  </ItemGroup>
</Project>