<?xml version="1.0" encoding="utf-8"?>
<Project ToolsVersion="4.0" xmlns="http://schemas.microsoft.com/developer/msbuild/2003">
  <ItemGroup>
    <ClCompile Include="dllmain.cpp" />
    <ClCompile Include="proto_xmp.cpp" />
    <ClCompile Include="stdafx.cpp" />
    <ClCompile Include="gloox\adhoc.cpp">
      <Filter>gloox</Filter>
    </ClCompile>
    <ClCompile Include="gloox\amp.cpp">
      <Filter>gloox</Filter>
    </ClCompile>
    <ClCompile Include="gloox\annotations.cpp">
      <Filter>gloox</Filter>
    </ClCompile>
    <ClCompile Include="gloox\atomicrefcount.cpp">
      <Filter>gloox</Filter>
    </ClCompile>
    <ClCompile Include="gloox\attention.cpp">
      <Filter>gloox</Filter>
    </ClCompile>
    <ClCompile Include="gloox\base64.cpp">
      <Filter>gloox</Filter>
    </ClCompile>
    <ClCompile Include="gloox\bookmarkstorage.cpp">
      <Filter>gloox</Filter>
    </ClCompile>
    <ClCompile Include="gloox\capabilities.cpp">
      <Filter>gloox</Filter>
    </ClCompile>
    <ClCompile Include="gloox\carbons.cpp">
      <Filter>gloox</Filter>
    </ClCompile>
    <ClCompile Include="gloox\chatstate.cpp">
      <Filter>gloox</Filter>
    </ClCompile>
    <ClCompile Include="gloox\chatstatefilter.cpp">
      <Filter>gloox</Filter>
    </ClCompile>
    <ClCompile Include="gloox\client.cpp">
      <Filter>gloox</Filter>
    </ClCompile>
    <ClCompile Include="gloox\clientbase.cpp">
      <Filter>gloox</Filter>
    </ClCompile>
    <ClCompile Include="gloox\component.cpp">
      <Filter>gloox</Filter>
    </ClCompile>
    <ClCompile Include="gloox\compressiondefault.cpp">
      <Filter>gloox</Filter>
    </ClCompile>
    <ClCompile Include="gloox\compressionzlib.cpp">
      <Filter>gloox</Filter>
    </ClCompile>
    <ClCompile Include="gloox\connectionbosh.cpp">
      <Filter>gloox</Filter>
    </ClCompile>
    <ClCompile Include="gloox\connectionhttpproxy.cpp">
      <Filter>gloox</Filter>
    </ClCompile>
    <ClCompile Include="gloox\connectionsocks5proxy.cpp">
      <Filter>gloox</Filter>
    </ClCompile>
    <ClCompile Include="gloox\connectiontcpbase.cpp">
      <Filter>gloox</Filter>
    </ClCompile>
    <ClCompile Include="gloox\connectiontcpclient.cpp">
      <Filter>gloox</Filter>
    </ClCompile>
    <ClCompile Include="gloox\connectiontcpserver.cpp">
      <Filter>gloox</Filter>
    </ClCompile>
    <ClCompile Include="gloox\connectiontls.cpp">
      <Filter>gloox</Filter>
    </ClCompile>
    <ClCompile Include="gloox\connectiontlsserver.cpp">
      <Filter>gloox</Filter>
    </ClCompile>
    <ClCompile Include="gloox\dataform.cpp">
      <Filter>gloox</Filter>
    </ClCompile>
    <ClCompile Include="gloox\dataformfield.cpp">
      <Filter>gloox</Filter>
    </ClCompile>
    <ClCompile Include="gloox\dataformfieldcontainer.cpp">
      <Filter>gloox</Filter>
    </ClCompile>
    <ClCompile Include="gloox\dataformitem.cpp">
      <Filter>gloox</Filter>
    </ClCompile>
    <ClCompile Include="gloox\dataformreported.cpp">
      <Filter>gloox</Filter>
    </ClCompile>
    <ClCompile Include="gloox\delayeddelivery.cpp">
      <Filter>gloox</Filter>
    </ClCompile>
    <ClCompile Include="gloox\disco.cpp">
      <Filter>gloox</Filter>
    </ClCompile>
    <ClCompile Include="gloox\dns.cpp">
      <Filter>gloox</Filter>
    </ClCompile>
    <ClCompile Include="gloox\error.cpp">
      <Filter>gloox</Filter>
    </ClCompile>
    <ClCompile Include="gloox\eventdispatcher.cpp">
      <Filter>gloox</Filter>
    </ClCompile>
    <ClCompile Include="gloox\featureneg.cpp">
      <Filter>gloox</Filter>
    </ClCompile>
    <ClCompile Include="gloox\flexoff.cpp">
      <Filter>gloox</Filter>
    </ClCompile>
    <ClCompile Include="gloox\forward.cpp">
      <Filter>gloox</Filter>
    </ClCompile>
    <ClCompile Include="gloox\gloox.cpp">
      <Filter>gloox</Filter>
    </ClCompile>
    <ClCompile Include="gloox\gpgencrypted.cpp">
      <Filter>gloox</Filter>
    </ClCompile>
    <ClCompile Include="gloox\gpgsigned.cpp">
      <Filter>gloox</Filter>
    </ClCompile>
    <ClCompile Include="gloox\inbandbytestream.cpp">
      <Filter>gloox</Filter>
    </ClCompile>
    <ClCompile Include="gloox\instantmucroom.cpp">
      <Filter>gloox</Filter>
    </ClCompile>
    <ClCompile Include="gloox\iodata.cpp">
      <Filter>gloox</Filter>
    </ClCompile>
    <ClCompile Include="gloox\iq.cpp">
      <Filter>gloox</Filter>
    </ClCompile>
    <ClCompile Include="gloox\jid.cpp">
      <Filter>gloox</Filter>
    </ClCompile>
    <ClCompile Include="gloox\jinglecontent.cpp">
      <Filter>gloox</Filter>
    </ClCompile>
    <ClCompile Include="gloox\jinglefiletransfer.cpp">
      <Filter>gloox</Filter>
    </ClCompile>
    <ClCompile Include="gloox\jingleiceudp.cpp">
      <Filter>gloox</Filter>
    </ClCompile>
    <ClCompile Include="gloox\jinglepluginfactory.cpp">
      <Filter>gloox</Filter>
    </ClCompile>
    <ClCompile Include="gloox\jinglesession.cpp">
      <Filter>gloox</Filter>
    </ClCompile>
    <ClCompile Include="gloox\jinglesessionmanager.cpp">
      <Filter>gloox</Filter>
    </ClCompile>
    <ClCompile Include="gloox\lastactivity.cpp">
      <Filter>gloox</Filter>
    </ClCompile>
    <ClCompile Include="gloox\linklocalclient.cpp">
      <Filter>gloox</Filter>
    </ClCompile>
    <ClCompile Include="gloox\linklocalmanager.cpp">
      <Filter>gloox</Filter>
    </ClCompile>
    <ClCompile Include="gloox\logsink.cpp">
      <Filter>gloox</Filter>
    </ClCompile>
    <ClCompile Include="gloox\md5.cpp">
      <Filter>gloox</Filter>
    </ClCompile>
    <ClCompile Include="gloox\message.cpp">
      <Filter>gloox</Filter>
    </ClCompile>
    <ClCompile Include="gloox\messageevent.cpp">
      <Filter>gloox</Filter>
    </ClCompile>
    <ClCompile Include="gloox\messageeventfilter.cpp">
      <Filter>gloox</Filter>
    </ClCompile>
    <ClCompile Include="gloox\messagefilter.cpp">
      <Filter>gloox</Filter>
    </ClCompile>
    <ClCompile Include="gloox\messagesession.cpp">
      <Filter>gloox</Filter>
    </ClCompile>
    <ClCompile Include="gloox\mucinvitationhandler.cpp">
      <Filter>gloox</Filter>
    </ClCompile>
    <ClCompile Include="gloox\mucmessagesession.cpp">
      <Filter>gloox</Filter>
    </ClCompile>
    <ClCompile Include="gloox\mucroom.cpp">
      <Filter>gloox</Filter>
    </ClCompile>
    <ClCompile Include="gloox\mutex.cpp">
      <Filter>gloox</Filter>
    </ClCompile>
    <ClCompile Include="gloox\nickname.cpp">
      <Filter>gloox</Filter>
    </ClCompile>
    <ClCompile Include="gloox\nonsaslauth.cpp">
      <Filter>gloox</Filter>
    </ClCompile>
    <ClCompile Include="gloox\oob.cpp">
      <Filter>gloox</Filter>
    </ClCompile>
    <ClCompile Include="gloox\parser.cpp">
      <Filter>gloox</Filter>
    </ClCompile>
    <ClCompile Include="gloox\prep.cpp">
      <Filter>gloox</Filter>
    </ClCompile>
    <ClCompile Include="gloox\presence.cpp">
      <Filter>gloox</Filter>
    </ClCompile>
    <ClCompile Include="gloox\privacyitem.cpp">
      <Filter>gloox</Filter>
    </ClCompile>
    <ClCompile Include="gloox\privacymanager.cpp">
      <Filter>gloox</Filter>
    </ClCompile>
    <ClCompile Include="gloox\privatexml.cpp">
      <Filter>gloox</Filter>
    </ClCompile>
    <ClCompile Include="gloox\pubsubevent.cpp">
      <Filter>gloox</Filter>
    </ClCompile>
    <ClCompile Include="gloox\pubsubitem.cpp">
      <Filter>gloox</Filter>
    </ClCompile>
    <ClCompile Include="gloox\pubsubmanager.cpp">
      <Filter>gloox</Filter>
    </ClCompile>
    <ClCompile Include="gloox\receipt.cpp">
      <Filter>gloox</Filter>
    </ClCompile>
    <ClCompile Include="gloox\registration.cpp">
      <Filter>gloox</Filter>
    </ClCompile>
    <ClCompile Include="gloox\rosteritem.cpp">
      <Filter>gloox</Filter>
    </ClCompile>
    <ClCompile Include="gloox\rostermanager.cpp">
      <Filter>gloox</Filter>
    </ClCompile>
    <ClCompile Include="gloox\search.cpp">
      <Filter>gloox</Filter>
    </ClCompile>
    <ClCompile Include="gloox\sha.cpp">
      <Filter>gloox</Filter>
    </ClCompile>
    <ClCompile Include="gloox\shim.cpp">
      <Filter>gloox</Filter>
    </ClCompile>
    <ClCompile Include="gloox\simanager.cpp">
      <Filter>gloox</Filter>
    </ClCompile>
    <ClCompile Include="gloox\siprofileft.cpp">
      <Filter>gloox</Filter>
    </ClCompile>
    <ClCompile Include="gloox\socks5bytestream.cpp">
      <Filter>gloox</Filter>
    </ClCompile>
    <ClCompile Include="gloox\socks5bytestreammanager.cpp">
      <Filter>gloox</Filter>
    </ClCompile>
    <ClCompile Include="gloox\socks5bytestreamserver.cpp">
      <Filter>gloox</Filter>
    </ClCompile>
    <ClCompile Include="gloox\softwareversion.cpp">
      <Filter>gloox</Filter>
    </ClCompile>
    <ClCompile Include="gloox\stanza.cpp">
      <Filter>gloox</Filter>
    </ClCompile>
    <ClCompile Include="gloox\stanzaextensionfactory.cpp">
      <Filter>gloox</Filter>
    </ClCompile>
    <ClCompile Include="gloox\subscription.cpp">
      <Filter>gloox</Filter>
    </ClCompile>
    <ClCompile Include="gloox\tag.cpp">
      <Filter>gloox</Filter>
    </ClCompile>
    <ClCompile Include="gloox\tlsdefault.cpp">
      <Filter>gloox</Filter>
    </ClCompile>
    <ClCompile Include="gloox\tlsgnutlsbase.cpp">
      <Filter>gloox</Filter>
    </ClCompile>
    <ClCompile Include="gloox\tlsgnutlsclient.cpp">
      <Filter>gloox</Filter>
    </ClCompile>
    <ClCompile Include="gloox\tlsgnutlsclientanon.cpp">
      <Filter>gloox</Filter>
    </ClCompile>
    <ClCompile Include="gloox\tlsgnutlsserveranon.cpp">
      <Filter>gloox</Filter>
    </ClCompile>
    <ClCompile Include="gloox\tlsopensslbase.cpp">
      <Filter>gloox</Filter>
    </ClCompile>
    <ClCompile Include="gloox\tlsopensslclient.cpp">
      <Filter>gloox</Filter>
    </ClCompile>
    <ClCompile Include="gloox\tlsopensslserver.cpp">
      <Filter>gloox</Filter>
    </ClCompile>
    <ClCompile Include="gloox\tlsschannel.cpp">
      <Filter>gloox</Filter>
    </ClCompile>
    <ClCompile Include="gloox\uniquemucroom.cpp">
      <Filter>gloox</Filter>
    </ClCompile>
    <ClCompile Include="gloox\util.cpp">
      <Filter>gloox</Filter>
    </ClCompile>
    <ClCompile Include="gloox\vcard.cpp">
      <Filter>gloox</Filter>
    </ClCompile>
    <ClCompile Include="gloox\vcardmanager.cpp">
      <Filter>gloox</Filter>
    </ClCompile>
    <ClCompile Include="gloox\vcardupdate.cpp">
      <Filter>gloox</Filter>
    </ClCompile>
    <ClCompile Include="gloox\xhtmlim.cpp">
      <Filter>gloox</Filter>
    </ClCompile>
  </ItemGroup>
  <ItemGroup>
    <ClInclude Include="stdafx.h" />
    <ClInclude Include="gloox\adhoc.h">
      <Filter>gloox</Filter>
    </ClInclude>
    <ClInclude Include="gloox\adhoccommandprovider.h">
      <Filter>gloox</Filter>
    </ClInclude>
    <ClInclude Include="gloox\adhochandler.h">
      <Filter>gloox</Filter>
    </ClInclude>
    <ClInclude Include="gloox\adhocplugin.h">
      <Filter>gloox</Filter>
    </ClInclude>
    <ClInclude Include="gloox\amp.h">
      <Filter>gloox</Filter>
    </ClInclude>
    <ClInclude Include="gloox\annotations.h">
      <Filter>gloox</Filter>
    </ClInclude>
    <ClInclude Include="gloox\annotationshandler.h">
      <Filter>gloox</Filter>
    </ClInclude>
    <ClInclude Include="gloox\atomicrefcount.h">
      <Filter>gloox</Filter>
    </ClInclude>
    <ClInclude Include="gloox\attention.h">
      <Filter>gloox</Filter>
    </ClInclude>
    <ClInclude Include="gloox\base64.h">
      <Filter>gloox</Filter>
    </ClInclude>
    <ClInclude Include="gloox\bookmarkhandler.h">
      <Filter>gloox</Filter>
    </ClInclude>
    <ClInclude Include="gloox\bookmarkstorage.h">
      <Filter>gloox</Filter>
    </ClInclude>
    <ClInclude Include="gloox\bytestream.h">
      <Filter>gloox</Filter>
    </ClInclude>
    <ClInclude Include="gloox\bytestreamdatahandler.h">
      <Filter>gloox</Filter>
    </ClInclude>
    <ClInclude Include="gloox\bytestreamhandler.h">
      <Filter>gloox</Filter>
    </ClInclude>
    <ClInclude Include="gloox\capabilities.h">
      <Filter>gloox</Filter>
    </ClInclude>
    <ClInclude Include="gloox\carbons.h">
      <Filter>gloox</Filter>
    </ClInclude>
    <ClInclude Include="gloox\chatstate.h">
      <Filter>gloox</Filter>
    </ClInclude>
    <ClInclude Include="gloox\chatstatefilter.h">
      <Filter>gloox</Filter>
    </ClInclude>
    <ClInclude Include="gloox\chatstatehandler.h">
      <Filter>gloox</Filter>
    </ClInclude>
    <ClInclude Include="gloox\client.h">
      <Filter>gloox</Filter>
    </ClInclude>
    <ClInclude Include="gloox\clientbase.h">
      <Filter>gloox</Filter>
    </ClInclude>
    <ClInclude Include="gloox\component.h">
      <Filter>gloox</Filter>
    </ClInclude>
    <ClInclude Include="gloox\compressionbase.h">
      <Filter>gloox</Filter>
    </ClInclude>
    <ClInclude Include="gloox\compressiondatahandler.h">
      <Filter>gloox</Filter>
    </ClInclude>
    <ClInclude Include="gloox\compressiondefault.h">
      <Filter>gloox</Filter>
    </ClInclude>
    <ClInclude Include="gloox\compressionzlib.h">
      <Filter>gloox</Filter>
    </ClInclude>
    <ClInclude Include="gloox\config.h">
      <Filter>gloox</Filter>
    </ClInclude>
    <ClInclude Include="gloox\connectionbase.h">
      <Filter>gloox</Filter>
    </ClInclude>
    <ClInclude Include="gloox\connectionbosh.h">
      <Filter>gloox</Filter>
    </ClInclude>
    <ClInclude Include="gloox\connectiondatahandler.h">
      <Filter>gloox</Filter>
    </ClInclude>
    <ClInclude Include="gloox\connectionhandler.h">
      <Filter>gloox</Filter>
    </ClInclude>
    <ClInclude Include="gloox\connectionhttpproxy.h">
      <Filter>gloox</Filter>
    </ClInclude>
    <ClInclude Include="gloox\connectionlistener.h">
      <Filter>gloox</Filter>
    </ClInclude>
    <ClInclude Include="gloox\connectionsocks5proxy.h">
      <Filter>gloox</Filter>
    </ClInclude>
    <ClInclude Include="gloox\connectiontcpbase.h">
      <Filter>gloox</Filter>
    </ClInclude>
    <ClInclude Include="gloox\connectiontcpclient.h">
      <Filter>gloox</Filter>
    </ClInclude>
    <ClInclude Include="gloox\connectiontcpserver.h">
      <Filter>gloox</Filter>
    </ClInclude>
    <ClInclude Include="gloox\connectiontls.h">
      <Filter>gloox</Filter>
    </ClInclude>
    <ClInclude Include="gloox\connectiontlsserver.h">
      <Filter>gloox</Filter>
    </ClInclude>
    <ClInclude Include="gloox\dataform.h">
      <Filter>gloox</Filter>
    </ClInclude>
    <ClInclude Include="gloox\dataformfield.h">
      <Filter>gloox</Filter>
    </ClInclude>
    <ClInclude Include="gloox\dataformfieldcontainer.h">
      <Filter>gloox</Filter>
    </ClInclude>
    <ClInclude Include="gloox\dataformitem.h">
      <Filter>gloox</Filter>
    </ClInclude>
    <ClInclude Include="gloox\dataformreported.h">
      <Filter>gloox</Filter>
    </ClInclude>
    <ClInclude Include="gloox\delayeddelivery.h">
      <Filter>gloox</Filter>
    </ClInclude>
    <ClInclude Include="gloox\disco.h">
      <Filter>gloox</Filter>
    </ClInclude>
    <ClInclude Include="gloox\discohandler.h">
      <Filter>gloox</Filter>
    </ClInclude>
    <ClInclude Include="gloox\disconodehandler.h">
      <Filter>gloox</Filter>
    </ClInclude>
    <ClInclude Include="gloox\dns.h">
      <Filter>gloox</Filter>
    </ClInclude>
    <ClInclude Include="gloox\error.h">
      <Filter>gloox</Filter>
    </ClInclude>
    <ClInclude Include="gloox\event.h">
      <Filter>gloox</Filter>
    </ClInclude>
    <ClInclude Include="gloox\eventdispatcher.h">
      <Filter>gloox</Filter>
    </ClInclude>
    <ClInclude Include="gloox\eventhandler.h">
      <Filter>gloox</Filter>
    </ClInclude>
    <ClInclude Include="gloox\featureneg.h">
      <Filter>gloox</Filter>
    </ClInclude>
    <ClInclude Include="gloox\flexoff.h">
      <Filter>gloox</Filter>
    </ClInclude>
    <ClInclude Include="gloox\flexoffhandler.h">
      <Filter>gloox</Filter>
    </ClInclude>
    <ClInclude Include="gloox\forward.h">
      <Filter>gloox</Filter>
    </ClInclude>
    <ClInclude Include="gloox\gloox.h">
      <Filter>gloox</Filter>
    </ClInclude>
    <ClInclude Include="gloox\glooxversion.h">
      <Filter>gloox</Filter>
    </ClInclude>
    <ClInclude Include="gloox\gpgencrypted.h">
      <Filter>gloox</Filter>
    </ClInclude>
    <ClInclude Include="gloox\gpgsigned.h">
      <Filter>gloox</Filter>
    </ClInclude>
    <ClInclude Include="gloox\inbandbytestream.h">
      <Filter>gloox</Filter>
    </ClInclude>
    <ClInclude Include="gloox\instantmucroom.h">
      <Filter>gloox</Filter>
    </ClInclude>
    <ClInclude Include="gloox\iodata.h">
      <Filter>gloox</Filter>
    </ClInclude>
    <ClInclude Include="gloox\iq.h">
      <Filter>gloox</Filter>
    </ClInclude>
    <ClInclude Include="gloox\iqhandler.h">
      <Filter>gloox</Filter>
    </ClInclude>
    <ClInclude Include="gloox\jid.h">
      <Filter>gloox</Filter>
    </ClInclude>
    <ClInclude Include="gloox\jinglecontent.h">
      <Filter>gloox</Filter>
    </ClInclude>
    <ClInclude Include="gloox\jinglefiletransfer.h">
      <Filter>gloox</Filter>
    </ClInclude>
    <ClInclude Include="gloox\jingleiceudp.h">
      <Filter>gloox</Filter>
    </ClInclude>
    <ClInclude Include="gloox\jingleplugin.h">
      <Filter>gloox</Filter>
    </ClInclude>
    <ClInclude Include="gloox\jinglepluginfactory.h">
      <Filter>gloox</Filter>
    </ClInclude>
    <ClInclude Include="gloox\jinglesession.h">
      <Filter>gloox</Filter>
    </ClInclude>
    <ClInclude Include="gloox\jinglesessionhandler.h">
      <Filter>gloox</Filter>
    </ClInclude>
    <ClInclude Include="gloox\jinglesessionmanager.h">
      <Filter>gloox</Filter>
    </ClInclude>
    <ClInclude Include="gloox\lastactivity.h">
      <Filter>gloox</Filter>
    </ClInclude>
    <ClInclude Include="gloox\lastactivityhandler.h">
      <Filter>gloox</Filter>
    </ClInclude>
    <ClInclude Include="gloox\linklocal.h">
      <Filter>gloox</Filter>
    </ClInclude>
    <ClInclude Include="gloox\linklocalclient.h">
      <Filter>gloox</Filter>
    </ClInclude>
    <ClInclude Include="gloox\linklocalhandler.h">
      <Filter>gloox</Filter>
    </ClInclude>
    <ClInclude Include="gloox\linklocalmanager.h">
      <Filter>gloox</Filter>
    </ClInclude>
    <ClInclude Include="gloox\loghandler.h">
      <Filter>gloox</Filter>
    </ClInclude>
    <ClInclude Include="gloox\logsink.h">
      <Filter>gloox</Filter>
    </ClInclude>
    <ClInclude Include="gloox\macros.h">
      <Filter>gloox</Filter>
    </ClInclude>
    <ClInclude Include="gloox\md5.h">
      <Filter>gloox</Filter>
    </ClInclude>
    <ClInclude Include="gloox\message.h">
      <Filter>gloox</Filter>
    </ClInclude>
    <ClInclude Include="gloox\messageevent.h">
      <Filter>gloox</Filter>
    </ClInclude>
    <ClInclude Include="gloox\messageeventfilter.h">
      <Filter>gloox</Filter>
    </ClInclude>
    <ClInclude Include="gloox\messageeventhandler.h">
      <Filter>gloox</Filter>
    </ClInclude>
    <ClInclude Include="gloox\messagefilter.h">
      <Filter>gloox</Filter>
    </ClInclude>
    <ClInclude Include="gloox\messagehandler.h">
      <Filter>gloox</Filter>
    </ClInclude>
    <ClInclude Include="gloox\messagesession.h">
      <Filter>gloox</Filter>
    </ClInclude>
    <ClInclude Include="gloox\messagesessionhandler.h">
      <Filter>gloox</Filter>
    </ClInclude>
    <ClInclude Include="gloox\mucinvitationhandler.h">
      <Filter>gloox</Filter>
    </ClInclude>
    <ClInclude Include="gloox\mucmessagesession.h">
      <Filter>gloox</Filter>
    </ClInclude>
    <ClInclude Include="gloox\mucroom.h">
      <Filter>gloox</Filter>
    </ClInclude>
    <ClInclude Include="gloox\mucroomconfighandler.h">
      <Filter>gloox</Filter>
    </ClInclude>
    <ClInclude Include="gloox\mucroomhandler.h">
      <Filter>gloox</Filter>
    </ClInclude>
    <ClInclude Include="gloox\mutex.h">
      <Filter>gloox</Filter>
    </ClInclude>
    <ClInclude Include="gloox\mutexguard.h">
      <Filter>gloox</Filter>
    </ClInclude>
    <ClInclude Include="gloox\nickname.h">
      <Filter>gloox</Filter>
    </ClInclude>
    <ClInclude Include="gloox\nonsaslauth.h">
      <Filter>gloox</Filter>
    </ClInclude>
    <ClInclude Include="gloox\oob.h">
      <Filter>gloox</Filter>
    </ClInclude>
    <ClInclude Include="gloox\parser.h">
      <Filter>gloox</Filter>
    </ClInclude>
    <ClInclude Include="gloox\prep.h">
      <Filter>gloox</Filter>
    </ClInclude>
    <ClInclude Include="gloox\presence.h">
      <Filter>gloox</Filter>
    </ClInclude>
    <ClInclude Include="gloox\presencehandler.h">
      <Filter>gloox</Filter>
    </ClInclude>
    <ClInclude Include="gloox\privacyitem.h">
      <Filter>gloox</Filter>
    </ClInclude>
    <ClInclude Include="gloox\privacylisthandler.h">
      <Filter>gloox</Filter>
    </ClInclude>
    <ClInclude Include="gloox\privacymanager.h">
      <Filter>gloox</Filter>
    </ClInclude>
    <ClInclude Include="gloox\privatexml.h">
      <Filter>gloox</Filter>
    </ClInclude>
    <ClInclude Include="gloox\privatexmlhandler.h">
      <Filter>gloox</Filter>
    </ClInclude>
    <ClInclude Include="gloox\pubsub.h">
      <Filter>gloox</Filter>
    </ClInclude>
    <ClInclude Include="gloox\pubsubevent.h">
      <Filter>gloox</Filter>
    </ClInclude>
    <ClInclude Include="gloox\pubsubitem.h">
      <Filter>gloox</Filter>
    </ClInclude>
    <ClInclude Include="gloox\pubsubmanager.h">
      <Filter>gloox</Filter>
    </ClInclude>
    <ClInclude Include="gloox\pubsubresulthandler.h">
      <Filter>gloox</Filter>
    </ClInclude>
    <ClInclude Include="gloox\receipt.h">
      <Filter>gloox</Filter>
    </ClInclude>
    <ClInclude Include="gloox\registration.h">
      <Filter>gloox</Filter>
    </ClInclude>
    <ClInclude Include="gloox\registrationhandler.h">
      <Filter>gloox</Filter>
    </ClInclude>
    <ClInclude Include="gloox\resource.h">
      <Filter>gloox</Filter>
    </ClInclude>
    <ClInclude Include="gloox\rosteritem.h">
      <Filter>gloox</Filter>
    </ClInclude>
    <ClInclude Include="gloox\rosteritemdata.h">
      <Filter>gloox</Filter>
    </ClInclude>
    <ClInclude Include="gloox\rosterlistener.h">
      <Filter>gloox</Filter>
    </ClInclude>
    <ClInclude Include="gloox\rostermanager.h">
      <Filter>gloox</Filter>
    </ClInclude>
    <ClInclude Include="gloox\search.h">
      <Filter>gloox</Filter>
    </ClInclude>
    <ClInclude Include="gloox\searchhandler.h">
      <Filter>gloox</Filter>
    </ClInclude>
    <ClInclude Include="gloox\sha.h">
      <Filter>gloox</Filter>
    </ClInclude>
    <ClInclude Include="gloox\shim.h">
      <Filter>gloox</Filter>
    </ClInclude>
    <ClInclude Include="gloox\sihandler.h">
      <Filter>gloox</Filter>
    </ClInclude>
    <ClInclude Include="gloox\simanager.h">
      <Filter>gloox</Filter>
    </ClInclude>
    <ClInclude Include="gloox\siprofileft.h">
      <Filter>gloox</Filter>
    </ClInclude>
    <ClInclude Include="gloox\siprofilefthandler.h">
      <Filter>gloox</Filter>
    </ClInclude>
    <ClInclude Include="gloox\siprofilehandler.h">
      <Filter>gloox</Filter>
    </ClInclude>
    <ClInclude Include="gloox\socks5bytestream.h">
      <Filter>gloox</Filter>
    </ClInclude>
    <ClInclude Include="gloox\socks5bytestreammanager.h">
      <Filter>gloox</Filter>
    </ClInclude>
    <ClInclude Include="gloox\socks5bytestreamserver.h">
      <Filter>gloox</Filter>
    </ClInclude>
    <ClInclude Include="gloox\softwareversion.h">
      <Filter>gloox</Filter>
    </ClInclude>
    <ClInclude Include="gloox\stanza.h">
      <Filter>gloox</Filter>
    </ClInclude>
    <ClInclude Include="gloox\stanzaextension.h">
      <Filter>gloox</Filter>
    </ClInclude>
    <ClInclude Include="gloox\stanzaextensionfactory.h">
      <Filter>gloox</Filter>
    </ClInclude>
    <ClInclude Include="gloox\statisticshandler.h">
      <Filter>gloox</Filter>
    </ClInclude>
    <ClInclude Include="gloox\subscription.h">
      <Filter>gloox</Filter>
    </ClInclude>
    <ClInclude Include="gloox\subscriptionhandler.h">
      <Filter>gloox</Filter>
    </ClInclude>
    <ClInclude Include="gloox\tag.h">
      <Filter>gloox</Filter>
    </ClInclude>
    <ClInclude Include="gloox\taghandler.h">
      <Filter>gloox</Filter>
    </ClInclude>
    <ClInclude Include="gloox\tlsbase.h">
      <Filter>gloox</Filter>
    </ClInclude>
    <ClInclude Include="gloox\tlsdefault.h">
      <Filter>gloox</Filter>
    </ClInclude>
    <ClInclude Include="gloox\tlsgnutlsbase.h">
      <Filter>gloox</Filter>
    </ClInclude>
    <ClInclude Include="gloox\tlsgnutlsclient.h">
      <Filter>gloox</Filter>
    </ClInclude>
    <ClInclude Include="gloox\tlsgnutlsclientanon.h">
      <Filter>gloox</Filter>
    </ClInclude>
    <ClInclude Include="gloox\tlsgnutlsserveranon.h">
      <Filter>gloox</Filter>
    </ClInclude>
    <ClInclude Include="gloox\tlshandler.h">
      <Filter>gloox</Filter>
    </ClInclude>
    <ClInclude Include="gloox\tlsopensslbase.h">
      <Filter>gloox</Filter>
    </ClInclude>
    <ClInclude Include="gloox\tlsopensslclient.h">
      <Filter>gloox</Filter>
    </ClInclude>
    <ClInclude Include="gloox\tlsopensslserver.h">
      <Filter>gloox</Filter>
    </ClInclude>
    <ClInclude Include="gloox\tlsschannel.h">
      <Filter>gloox</Filter>
    </ClInclude>
    <ClInclude Include="gloox\uniquemucroom.h">
      <Filter>gloox</Filter>
    </ClInclude>
    <ClInclude Include="gloox\util.h">
      <Filter>gloox</Filter>
    </ClInclude>
    <ClInclude Include="gloox\vcard.h">
      <Filter>gloox</Filter>
    </ClInclude>
    <ClInclude Include="gloox\vcardhandler.h">
      <Filter>gloox</Filter>
    </ClInclude>
    <ClInclude Include="gloox\vcardmanager.h">
      <Filter>gloox</Filter>
    </ClInclude>
    <ClInclude Include="gloox\vcardupdate.h">
      <Filter>gloox</Filter>
    </ClInclude>
    <ClInclude Include="gloox\xhtmlim.h">
      <Filter>gloox</Filter>
    </ClInclude>
  </ItemGroup>
  <ItemGroup>
    <ResourceCompile Include="proto_xmp.rc" />
  </ItemGroup>
  <ItemGroup>
    <None Include="..\proto_export.def" />
    <None Include="gloox\Makefile.am">
      <Filter>gloox</Filter>
    </None>
    <None Include="gloox\Makefile.in">
      <Filter>gloox</Filter>
    </None>
  </ItemGroup>
  <ItemGroup>
    <Filter Include="gloox">
      <UniqueIdentifier>{0f469b04-bdc5-4396-857c-d8befe86585c}</UniqueIdentifier>
    </Filter>
  </ItemGroup>
</Project>