
Microsoft Visual Studio Solution File, Format Version 12.00
# Visual Studio 14
VisualStudioVersion = 14.0.23107.0
MinimumVisualStudioVersion = 10.0.40219.1
Project("{8BC9CEB8-8B4A-11D0-8D11-00A0C91BC942}") = "isotoxin", "isotoxin.vcxproj", "{DC148EB8-AEA2-4CA3-892D-D0ACB439642E}"
	ProjectSection(ProjectDependencies) = postProject
		{954B6F05-1838-48C5-B63C-27F10AE0A1F9} = {954B6F05-1838-48C5-B63C-27F10AE0A1F9}
		{505BA313-4DD9-40C5-8794-2F3B9603CD0A} = {505BA313-4DD9-40C5-8794-2F3B9603CD0A}
		{2BAA1615-3438-44E1-A780-5E060FC317B6} = {2BAA1615-3438-44E1-A780-5E060FC317B6}
		{FFF52519-38BB-4155-851D-4209EC67ACA7} = {FFF52519-38BB-4155-851D-4209EC67ACA7}
		{31805D3B-0783-48E8-99FA-04F8B3C65CE3} = {31805D3B-0783-48E8-99FA-04F8B3C65CE3}
		{E0D65A4B-C904-4FB2-A177-483B257C9F2C} = {E0D65A4B-C904-4FB2-A177-483B257C9F2C}
		{83B15650-FC4B-4AAE-8D95-AD890E1B001D} = {83B15650-FC4B-4AAE-8D95-AD890E1B001D}
		{DC8F7A65-4E44-4773-A79C-9577EB420918} = {DC8F7A65-4E44-4773-A79C-9577EB420918}
		{9209A27B-E512-4197-BD76-B6451C3726B2} = {9209A27B-E512-4197-BD76-B6451C3726B2}
		{86C11A7D-171E-4C85-8A7E-00522AC778AB} = {86C11A7D-171E-4C85-8A7E-00522AC778AB}
		{4C8589AD-973D-4331-8433-BBE50534B282} = {4C8589AD-973D-4331-8433-BBE50534B282}
	EndProjectSection
EndProject
Project("{8BC9CEB8-8B4A-11D0-8D11-00A0C91BC942}") = "system", "..\..\..\libs\system\system_15.vcxproj", "{83B15650-FC4B-4AAE-8D95-AD890E1B001D}"
EndProject
Project("{8BC9CEB8-8B4A-11D0-8D11-00A0C91BC942}") = "toolset", "..\..\..\libs\toolset\toolset_15.vcxproj", "{9209A27B-E512-4197-BD76-B6451C3726B2}"
EndProject
Project("{8BC9CEB8-8B4A-11D0-8D11-00A0C91BC942}") = "rectangles", "..\..\..\libs\rectangles\rectangles_15.vcxproj", "{DC8F7A65-4E44-4773-A79C-9577EB420918}"
EndProject
Project("{8BC9CEB8-8B4A-11D0-8D11-00A0C91BC942}") = "rasp", "..\..\..\tools\rasp\rasp_15.vcxproj", "{505BA313-4DD9-40C5-8794-2F3B9603CD0A}"
	ProjectSection(ProjectDependencies) = postProject
		{9209A27B-E512-4197-BD76-B6451C3726B2} = {9209A27B-E512-4197-BD76-B6451C3726B2}
		{4C8589AD-973D-4331-8433-BBE50534B282} = {4C8589AD-973D-4331-8433-BBE50534B282}
	EndProjectSection
EndProject
Project("{2150E333-8FDC-42A3-9474-1A3956D46DE8}") = "plugins", "plugins", "{82937923-9940-4302-A205-03B689C894B9}"
EndProject
Project("{8BC9CEB8-8B4A-11D0-8D11-00A0C91BC942}") = "plghost", "..\..\..\plugins\plghost\plghost_15.vcxproj", "{E0D65A4B-C904-4FB2-A177-483B257C9F2C}"
	ProjectSection(ProjectDependencies) = postProject
		{954B6F05-1838-48C5-B63C-27F10AE0A1F9} = {954B6F05-1838-48C5-B63C-27F10AE0A1F9}
		{31805D3B-0783-48E8-99FA-04F8B3C65CE3} = {31805D3B-0783-48E8-99FA-04F8B3C65CE3}
		{412A8E3C-78F5-4FF1-9CA7-A19605BC3FF6} = {412A8E3C-78F5-4FF1-9CA7-A19605BC3FF6}
		{86C11A7D-171E-4C85-8A7E-00522AC778AB} = {86C11A7D-171E-4C85-8A7E-00522AC778AB}
	EndProjectSection
EndProject
Project("{2150E333-8FDC-42A3-9474-1A3956D46DE8}") = "libs", "libs", "{57E327E9-45BC-46B9-A79F-0C16560B765F}"
EndProject
Project("{8BC9CEB8-8B4A-11D0-8D11-00A0C91BC942}") = "ipc", "..\..\..\libs\ipc\ipc_15.vcxproj", "{86C11A7D-171E-4C85-8A7E-00522AC778AB}"
EndProject
Project("{8BC9CEB8-8B4A-11D0-8D11-00A0C91BC942}") = "proto_lan", "..\..\..\plugins\proto_lan\proto_lan_15.vcxproj", "{31805D3B-0783-48E8-99FA-04F8B3C65CE3}"
	ProjectSection(ProjectDependencies) = postProject
		{412A8E3C-78F5-4FF1-9CA7-A19605BC3FF6} = {412A8E3C-78F5-4FF1-9CA7-A19605BC3FF6}
	EndProjectSection
EndProject
Project("{8BC9CEB8-8B4A-11D0-8D11-00A0C91BC942}") = "proto_tox", "..\..\..\plugins\proto_tox\proto_tox_15.vcxproj", "{954B6F05-1838-48C5-B63C-27F10AE0A1F9}"
	ProjectSection(ProjectDependencies) = postProject
		{412A8E3C-78F5-4FF1-9CA7-A19605BC3FF6} = {412A8E3C-78F5-4FF1-9CA7-A19605BC3FF6}
	EndProjectSection
EndProject
Project("{8BC9CEB8-8B4A-11D0-8D11-00A0C91BC942}") = "plgcommon", "..\..\..\plugins\plgcommon\plgcommon_15.vcxproj", "{412A8E3C-78F5-4FF1-9CA7-A19605BC3FF6}"
EndProject
Project("{8BC9CEB8-8B4A-11D0-8D11-00A0C91BC942}") = "s3", "..\..\..\libs\s3\s3_15.vcxproj", "{2BAA1615-3438-44E1-A780-5E060FC317B6}"
EndProject
Project("{8BC9CEB8-8B4A-11D0-8D11-00A0C91BC942}") = "memspy", "..\..\..\libs\memspy\memspy_15.vcxproj", "{4C8589AD-973D-4331-8433-BBE50534B282}"
EndProject
Project("{8BC9CEB8-8B4A-11D0-8D11-00A0C91BC942}") = "dshowcapture", "..\..\..\libs\dshowcap\dshowcapture_15.vcxproj", "{FFF52519-38BB-4155-851D-4209EC67ACA7}"
EndProject
Global
	GlobalSection(SolutionConfigurationPlatforms) = preSolution
		Debug Optimized|Win32 = Debug Optimized|Win32
		Debug Optimized|x64 = Debug Optimized|x64
		Debug|Win32 = Debug|Win32
		Debug|x64 = Debug|x64
		Final|Win32 = Final|Win32
		Final|x64 = Final|x64
	EndGlobalSection
	GlobalSection(ProjectConfigurationPlatforms) = postSolution
		{DC148EB8-AEA2-4CA3-892D-D0ACB439642E}.Debug Optimized|Win32.ActiveCfg = Debug Optimized|Win32
		{DC148EB8-AEA2-4CA3-892D-D0ACB439642E}.Debug Optimized|Win32.Build.0 = Debug Optimized|Win32
		{DC148EB8-AEA2-4CA3-892D-D0ACB439642E}.Debug Optimized|x64.ActiveCfg = Debug Optimized|Win32
		{DC148EB8-AEA2-4CA3-892D-D0ACB439642E}.Debug|Win32.ActiveCfg = Debug|Win32
		{DC148EB8-AEA2-4CA3-892D-D0ACB439642E}.Debug|Win32.Build.0 = Debug|Win32
		{DC148EB8-AEA2-4CA3-892D-D0ACB439642E}.Debug|x64.ActiveCfg = Debug|Win32
		{DC148EB8-AEA2-4CA3-892D-D0ACB439642E}.Final|Win32.ActiveCfg = Final|Win32
		{DC148EB8-AEA2-4CA3-892D-D0ACB439642E}.Final|Win32.Build.0 = Final|Win32
		{DC148EB8-AEA2-4CA3-892D-D0ACB439642E}.Final|x64.ActiveCfg = Final|Win32
		{83B15650-FC4B-4AAE-8D95-AD890E1B001D}.Debug Optimized|Win32.ActiveCfg = Debug Optimized|Win32
		{83B15650-FC4B-4AAE-8D95-AD890E1B001D}.Debug Optimized|Win32.Build.0 = Debug Optimized|Win32
		{83B15650-FC4B-4AAE-8D95-AD890E1B001D}.Debug Optimized|x64.ActiveCfg = Debug Optimized|Win32
		{83B15650-FC4B-4AAE-8D95-AD890E1B001D}.Debug|Win32.ActiveCfg = Debug|Win32
		{83B15650-FC4B-4AAE-8D95-AD890E1B001D}.Debug|Win32.Build.0 = Debug|Win32
		{83B15650-FC4B-4AAE-8D95-AD890E1B001D}.Debug|x64.ActiveCfg = Debug|Win32
		{83B15650-FC4B-4AAE-8D95-AD890E1B001D}.Final|Win32.ActiveCfg = Final|Win32
		{83B15650-FC4B-4AAE-8D95-AD890E1B001D}.Final|Win32.Build.0 = Final|Win32
		{83B15650-FC4B-4AAE-8D95-AD890E1B001D}.Final|x64.ActiveCfg = Final|Win32
		{9209A27B-E512-4197-BD76-B6451C3726B2}.Debug Optimized|Win32.ActiveCfg = Debug Optimized|Win32
		{9209A27B-E512-4197-BD76-B6451C3726B2}.Debug Optimized|Win32.Build.0 = Debug Optimized|Win32
		{9209A27B-E512-4197-BD76-B6451C3726B2}.Debug Optimized|x64.ActiveCfg = Debug Optimized|Win32
		{9209A27B-E512-4197-BD76-B6451C3726B2}.Debug|Win32.ActiveCfg = Debug|Win32
		{9209A27B-E512-4197-BD76-B6451C3726B2}.Debug|Win32.Build.0 = Debug|Win32
		{9209A27B-E512-4197-BD76-B6451C3726B2}.Debug|x64.ActiveCfg = Debug|Win32
		{9209A27B-E512-4197-BD76-B6451C3726B2}.Final|Win32.ActiveCfg = Final|Win32
		{9209A27B-E512-4197-BD76-B6451C3726B2}.Final|Win32.Build.0 = Final|Win32
		{9209A27B-E512-4197-BD76-B6451C3726B2}.Final|x64.ActiveCfg = Final|Win32
		{DC8F7A65-4E44-4773-A79C-9577EB420918}.Debug Optimized|Win32.ActiveCfg = Debug Optimized|Win32
		{DC8F7A65-4E44-4773-A79C-9577EB420918}.Debug Optimized|Win32.Build.0 = Debug Optimized|Win32
		{DC8F7A65-4E44-4773-A79C-9577EB420918}.Debug Optimized|x64.ActiveCfg = Debug Optimized|Win32
		{DC8F7A65-4E44-4773-A79C-9577EB420918}.Debug|Win32.ActiveCfg = Debug|Win32
		{DC8F7A65-4E44-4773-A79C-9577EB420918}.Debug|Win32.Build.0 = Debug|Win32
		{DC8F7A65-4E44-4773-A79C-9577EB420918}.Debug|x64.ActiveCfg = Debug|Win32
		{DC8F7A65-4E44-4773-A79C-9577EB420918}.Final|Win32.ActiveCfg = Final|Win32
		{DC8F7A65-4E44-4773-A79C-9577EB420918}.Final|Win32.Build.0 = Final|Win32
		{DC8F7A65-4E44-4773-A79C-9577EB420918}.Final|x64.ActiveCfg = Final|Win32
		{505BA313-4DD9-40C5-8794-2F3B9603CD0A}.Debug Optimized|Win32.ActiveCfg = Debug Optimized|Win32
		{505BA313-4DD9-40C5-8794-2F3B9603CD0A}.Debug Optimized|Win32.Build.0 = Debug Optimized|Win32
		{505BA313-4DD9-40C5-8794-2F3B9603CD0A}.Debug Optimized|x64.ActiveCfg = Debug Optimized|Win32
		{505BA313-4DD9-40C5-8794-2F3B9603CD0A}.Debug|Win32.ActiveCfg = Debug|Win32
		{505BA313-4DD9-40C5-8794-2F3B9603CD0A}.Debug|Win32.Build.0 = Debug|Win32
		{505BA313-4DD9-40C5-8794-2F3B9603CD0A}.Debug|x64.ActiveCfg = Debug|Win32
		{505BA313-4DD9-40C5-8794-2F3B9603CD0A}.Final|Win32.ActiveCfg = Final|Win32
		{505BA313-4DD9-40C5-8794-2F3B9603CD0A}.Final|Win32.Build.0 = Final|Win32
		{505BA313-4DD9-40C5-8794-2F3B9603CD0A}.Final|x64.ActiveCfg = Final|Win32
		{E0D65A4B-C904-4FB2-A177-483B257C9F2C}.Debug Optimized|Win32.ActiveCfg = Debug Optimized|Win32
		{E0D65A4B-C904-4FB2-A177-483B257C9F2C}.Debug Optimized|Win32.Build.0 = Debug Optimized|Win32
		{E0D65A4B-C904-4FB2-A177-483B257C9F2C}.Debug Optimized|x64.ActiveCfg = Debug Optimized|Win32
		{E0D65A4B-C904-4FB2-A177-483B257C9F2C}.Debug|Win32.ActiveCfg = Debug|Win32
		{E0D65A4B-C904-4FB2-A177-483B257C9F2C}.Debug|Win32.Build.0 = Debug|Win32
		{E0D65A4B-C904-4FB2-A177-483B257C9F2C}.Debug|x64.ActiveCfg = Debug|Win32
		{E0D65A4B-C904-4FB2-A177-483B257C9F2C}.Final|Win32.ActiveCfg = Final|Win32
		{E0D65A4B-C904-4FB2-A177-483B257C9F2C}.Final|Win32.Build.0 = Final|Win32
		{E0D65A4B-C904-4FB2-A177-483B257C9F2C}.Final|x64.ActiveCfg = Final|Win32
		{86C11A7D-171E-4C85-8A7E-00522AC778AB}.Debug Optimized|Win32.ActiveCfg = Debug Optimized|Win32
		{86C11A7D-171E-4C85-8A7E-00522AC778AB}.Debug Optimized|Win32.Build.0 = Debug Optimized|Win32
		{86C11A7D-171E-4C85-8A7E-00522AC778AB}.Debug Optimized|x64.ActiveCfg = Debug Optimized|Win32
		{86C11A7D-171E-4C85-8A7E-00522AC778AB}.Debug|Win32.ActiveCfg = Debug|Win32
		{86C11A7D-171E-4C85-8A7E-00522AC778AB}.Debug|Win32.Build.0 = Debug|Win32
		{86C11A7D-171E-4C85-8A7E-00522AC778AB}.Debug|x64.ActiveCfg = Debug|Win32
		{86C11A7D-171E-4C85-8A7E-00522AC778AB}.Final|Win32.ActiveCfg = Final|Win32
		{86C11A7D-171E-4C85-8A7E-00522AC778AB}.Final|Win32.Build.0 = Final|Win32
		{86C11A7D-171E-4C85-8A7E-00522AC778AB}.Final|x64.ActiveCfg = Final|Win32
		{31805D3B-0783-48E8-99FA-04F8B3C65CE3}.Debug Optimized|Win32.ActiveCfg = Debug Optimized|Win32
		{31805D3B-0783-48E8-99FA-04F8B3C65CE3}.Debug Optimized|Win32.Build.0 = Debug Optimized|Win32
		{31805D3B-0783-48E8-99FA-04F8B3C65CE3}.Debug Optimized|x64.ActiveCfg = Debug Optimized|Win32
		{31805D3B-0783-48E8-99FA-04F8B3C65CE3}.Debug|Win32.ActiveCfg = Debug|Win32
		{31805D3B-0783-48E8-99FA-04F8B3C65CE3}.Debug|Win32.Build.0 = Debug|Win32
		{31805D3B-0783-48E8-99FA-04F8B3C65CE3}.Debug|x64.ActiveCfg = Debug|Win32
		{31805D3B-0783-48E8-99FA-04F8B3C65CE3}.Final|Win32.ActiveCfg = Final|Win32
		{31805D3B-0783-48E8-99FA-04F8B3C65CE3}.Final|Win32.Build.0 = Final|Win32
		{31805D3B-0783-48E8-99FA-04F8B3C65CE3}.Final|x64.ActiveCfg = Final|Win32
		{954B6F05-1838-48C5-B63C-27F10AE0A1F9}.Debug Optimized|Win32.ActiveCfg = Debug Optimized|Win32
		{954B6F05-1838-48C5-B63C-27F10AE0A1F9}.Debug Optimized|Win32.Build.0 = Debug Optimized|Win32
		{954B6F05-1838-48C5-B63C-27F10AE0A1F9}.Debug Optimized|x64.ActiveCfg = Debug Optimized|Win32
		{954B6F05-1838-48C5-B63C-27F10AE0A1F9}.Debug|Win32.ActiveCfg = Debug|Win32
		{954B6F05-1838-48C5-B63C-27F10AE0A1F9}.Debug|Win32.Build.0 = Debug|Win32
		{954B6F05-1838-48C5-B63C-27F10AE0A1F9}.Debug|x64.ActiveCfg = Debug|Win32
		{954B6F05-1838-48C5-B63C-27F10AE0A1F9}.Final|Win32.ActiveCfg = Final|Win32
		{954B6F05-1838-48C5-B63C-27F10AE0A1F9}.Final|Win32.Build.0 = Final|Win32
		{954B6F05-1838-48C5-B63C-27F10AE0A1F9}.Final|x64.ActiveCfg = Final|Win32
		{412A8E3C-78F5-4FF1-9CA7-A19605BC3FF6}.Debug Optimized|Win32.ActiveCfg = Debug Optimized|Win32
		{412A8E3C-78F5-4FF1-9CA7-A19605BC3FF6}.Debug Optimized|Win32.Build.0 = Debug Optimized|Win32
		{412A8E3C-78F5-4FF1-9CA7-A19605BC3FF6}.Debug Optimized|x64.ActiveCfg = Debug Optimized|Win32
		{412A8E3C-78F5-4FF1-9CA7-A19605BC3FF6}.Debug|Win32.ActiveCfg = Debug|Win32
		{412A8E3C-78F5-4FF1-9CA7-A19605BC3FF6}.Debug|Win32.Build.0 = Debug|Win32
		{412A8E3C-78F5-4FF1-9CA7-A19605BC3FF6}.Debug|x64.ActiveCfg = Debug|Win32
		{412A8E3C-78F5-4FF1-9CA7-A19605BC3FF6}.Final|Win32.ActiveCfg = Final|Win32
		{412A8E3C-78F5-4FF1-9CA7-A19605BC3FF6}.Final|Win32.Build.0 = Final|Win32
		{412A8E3C-78F5-4FF1-9CA7-A19605BC3FF6}.Final|x64.ActiveCfg = Final|Win32
		{2BAA1615-3438-44E1-A780-5E060FC317B6}.Debug Optimized|Win32.ActiveCfg = Debug Optimized|Win32
		{2BAA1615-3438-44E1-A780-5E060FC317B6}.Debug Optimized|Win32.Build.0 = Debug Optimized|Win32
		{2BAA1615-3438-44E1-A780-5E060FC317B6}.Debug Optimized|x64.ActiveCfg = Debug|Win32
		{2BAA1615-3438-44E1-A780-5E060FC317B6}.Debug|Win32.ActiveCfg = Debug|Win32
		{2BAA1615-3438-44E1-A780-5E060FC317B6}.Debug|Win32.Build.0 = Debug|Win32
		{2BAA1615-3438-44E1-A780-5E060FC317B6}.Debug|x64.ActiveCfg = Debug|Win32
		{2BAA1615-3438-44E1-A780-5E060FC317B6}.Final|Win32.ActiveCfg = Final|Win32
		{2BAA1615-3438-44E1-A780-5E060FC317B6}.Final|Win32.Build.0 = Final|Win32
		{2BAA1615-3438-44E1-A780-5E060FC317B6}.Final|x64.ActiveCfg = Final|Win32
		{4C8589AD-973D-4331-8433-BBE50534B282}.Debug Optimized|Win32.ActiveCfg = Debug Optimized|Win32
		{4C8589AD-973D-4331-8433-BBE50534B282}.Debug Optimized|Win32.Build.0 = Debug Optimized|Win32
		{4C8589AD-973D-4331-8433-BBE50534B282}.Debug Optimized|x64.ActiveCfg = Debug|Win32
		{4C8589AD-973D-4331-8433-BBE50534B282}.Debug|Win32.ActiveCfg = Debug|Win32
		{4C8589AD-973D-4331-8433-BBE50534B282}.Debug|Win32.Build.0 = Debug|Win32
		{4C8589AD-973D-4331-8433-BBE50534B282}.Debug|x64.ActiveCfg = Debug|Win32
		{4C8589AD-973D-4331-8433-BBE50534B282}.Final|Win32.ActiveCfg = Final|Win32
		{4C8589AD-973D-4331-8433-BBE50534B282}.Final|Win32.Build.0 = Final|Win32
		{4C8589AD-973D-4331-8433-BBE50534B282}.Final|x64.ActiveCfg = Final|Win32
		{FFF52519-38BB-4155-851D-4209EC67ACA7}.Debug Optimized|Win32.ActiveCfg = Debug Optimized|Win32
		{FFF52519-38BB-4155-851D-4209EC67ACA7}.Debug Optimized|Win32.Build.0 = Debug Optimized|Win32
		{FFF52519-38BB-4155-851D-4209EC67ACA7}.Debug Optimized|x64.ActiveCfg = Debug Optimized|Win32
		{FFF52519-38BB-4155-851D-4209EC67ACA7}.Debug|Win32.ActiveCfg = Debug|Win32
		{FFF52519-38BB-4155-851D-4209EC67ACA7}.Debug|Win32.Build.0 = Debug|Win32
		{FFF52519-38BB-4155-851D-4209EC67ACA7}.Debug|x64.ActiveCfg = Debug|Win32
		{FFF52519-38BB-4155-851D-4209EC67ACA7}.Final|Win32.ActiveCfg = Final|Win32
		{FFF52519-38BB-4155-851D-4209EC67ACA7}.Final|Win32.Build.0 = Final|Win32
		{FFF52519-38BB-4155-851D-4209EC67ACA7}.Final|x64.ActiveCfg = Final|Win32
	EndGlobalSection
	GlobalSection(SolutionProperties) = preSolution
		HideSolutionNode = FALSE
	EndGlobalSection
	GlobalSection(NestedProjects) = preSolution
		{83B15650-FC4B-4AAE-8D95-AD890E1B001D} = {57E327E9-45BC-46B9-A79F-0C16560B765F}
		{9209A27B-E512-4197-BD76-B6451C3726B2} = {57E327E9-45BC-46B9-A79F-0C16560B765F}
		{DC8F7A65-4E44-4773-A79C-9577EB420918} = {57E327E9-45BC-46B9-A79F-0C16560B765F}
		{E0D65A4B-C904-4FB2-A177-483B257C9F2C} = {82937923-9940-4302-A205-03B689C894B9}
		{86C11A7D-171E-4C85-8A7E-00522AC778AB} = {57E327E9-45BC-46B9-A79F-0C16560B765F}
		{31805D3B-0783-48E8-99FA-04F8B3C65CE3} = {82937923-9940-4302-A205-03B689C894B9}
		{954B6F05-1838-48C5-B63C-27F10AE0A1F9} = {82937923-9940-4302-A205-03B689C894B9}
		{412A8E3C-78F5-4FF1-9CA7-A19605BC3FF6} = {82937923-9940-4302-A205-03B689C894B9}
		{2BAA1615-3438-44E1-A780-5E060FC317B6} = {57E327E9-45BC-46B9-A79F-0C16560B765F}
		{4C8589AD-973D-4331-8433-BBE50534B282} = {57E327E9-45BC-46B9-A79F-0C16560B765F}
		{FFF52519-38BB-4155-851D-4209EC67ACA7} = {57E327E9-45BC-46B9-A79F-0C16560B765F}
	EndGlobalSection
EndGlobal
